{
  "sources": {
    "apt": {
      "locked_version": "2.1.1"
    },
    "git": {
      "locked_version": "2.6.0"
    },
    "ohai": {
      "locked_version": "1.1.12"
    },
    "ulimit": {
      "locked_version": "0.3.1"
    },
    "postgiswrap": {
      "locked_version": "0.5.0",
      "git": "https://github.com/heffergm/chef-postgiswrap.git",
      "ref": "e03f5228ededd32a90dce9da0313226a04d3272c"
    },
    "mapnikwrap": {
      "locked_version": "0.2.0",
      "git": "https://github.com/heffergm/chef-mapnikwrap.git",
      "ref": "d742afd88f5268a5ed690924a7ba4d673d26a95a"
    },
    "osm2pgsql": {
      "locked_version": "0.4.2",
      "git": "https://github.com/heffergm/chef-osm2pgsql.git",
      "ref": "facb2cf95b55a9b66dbdad2831d3a215fc90c127"
    },
    "vpnwrap": {
      "locked_version": "0.0.1",
      "git": "https://github.com/heffergm/chef-vpnwrap.git",
      "ref": "341f3f5c35b2519487c08fd2a20e02d486157507"
    },
    "openvpn": {
      "locked_version": "1.2.0",
      "git": "https://github.com/heffergm/chef-openvpn.git",
      "ref": "f3a3b1b58a736699c00faa8b496f7f741b660da0"
    },
    "osmosis": {
      "locked_version": "0.3.0",
      "git": "https://github.com/heffergm/chef-osmosis.git",
      "ref": "072a4d155da42a6876684c7344d2e6e782b2635a"
    },
    "postgresql": {
      "locked_version": "0.30.2",
      "git": "https://github.com/heffergm/chef-postgresql.git",
      "ref": "3a53dd0fa21a234595386aee8dd98cff6221c8c6"
    },
    "sysctl": {
      "locked_version": "0.1.9",
      "git": "https://github.com/heffergm/chef-sysctl.git",
      "ref": "37550879feb9edd26348f863fe0229ab70f56b53"
    },
    "mapnik": {
      "locked_version": "0.0.1",
      "git": "https://github.com/marsam/cookbook-mapnik.git",
      "ref": "1ccfc15d6c54a7500a7c6b271c1b06ffd6c95c30"
    },
    "dmg": {
      "locked_version": "2.0.0"
    },
    "build-essential": {
      "locked_version": "1.4.2"
    },
    "yum": {
      "locked_version": "2.3.2"
    },
    "windows": {
      "locked_version": "1.10.0"
    },
    "chef_handler": {
      "locked_version": "1.1.4"
    },
    "runit": {
      "locked_version": "1.2.0"
    },
    "ark": {
      "locked_version": "0.3.2"
    }
  }
}
