{
  "sources": {
    "apt": {
      "locked_version": "2.1.1"
    },
    "git": {
      "locked_version": "2.6.0"
    },
    "ohai": {
      "locked_version": "1.1.12"
    },
    "ulimit": {
      "locked_version": "0.3.1"
    },
    "vpnwrap": {
      "locked_version": "0.1.5",
      "git": "git@github.com:mapzen/chef-vpnwrap.git",
      "ref": "099ad8917d29537dc02f609139b51aecfcc1ce04"
    },
    "postgiswrap": {
      "locked_version": "0.7.3",
      "git": "https://github.com/heffergm/chef-postgiswrap.git",
      "ref": "d8e0c6876e28f71c72fedf5eb7c3d5e94052f214"
    },
    "mapnikwrap": {
      "locked_version": "0.2.0",
      "git": "https://github.com/heffergm/chef-mapnikwrap.git",
      "ref": "d742afd88f5268a5ed690924a7ba4d673d26a95a"
    },
    "osm2pgsql": {
      "locked_version": "0.4.2",
      "git": "https://github.com/heffergm/chef-osm2pgsql.git",
      "ref": "facb2cf95b55a9b66dbdad2831d3a215fc90c127"
    },
    "openvpn": {
      "locked_version": "1.2.0",
      "git": "https://github.com/heffergm/chef-openvpn.git",
      "ref": "f3a3b1b58a736699c00faa8b496f7f741b660da0"
    },
    "osmosis": {
      "locked_version": "0.3.0",
      "git": "https://github.com/heffergm/chef-osmosis.git",
      "ref": "072a4d155da42a6876684c7344d2e6e782b2635a"
    },
    "sysctl": {
      "locked_version": "0.1.9",
      "git": "https://github.com/heffergm/chef-sysctl.git",
      "ref": "37550879feb9edd26348f863fe0229ab70f56b53"
    },
    "minutely_mapnik": {
      "locked_version": "0.1.2",
      "git": "https://github.com/heffergm/chef-minutely_mapnik.git",
      "ref": "409512747a327d157bced9f9cd7232b70a5af71b"
    },
    "postgresql": {
      "locked_version": "0.13.0",
      "git": "https://github.com/heffergm/chef-postgresql.git",
      "ref": "80128fe3807f54b300bf2c3300906b0c76158e50"
    },
    "mapnik": {
      "locked_version": "0.0.1",
      "git": "https://github.com/marsam/cookbook-mapnik.git",
      "ref": "1ccfc15d6c54a7500a7c6b271c1b06ffd6c95c30"
    },
    "dmg": {
      "locked_version": "2.0.0"
    },
    "build-essential": {
      "locked_version": "1.4.2"
    },
    "yum": {
      "locked_version": "2.3.2"
    },
    "windows": {
      "locked_version": "1.10.0"
    },
    "chef_handler": {
      "locked_version": "1.1.4"
    },
    "runit": {
      "locked_version": "1.2.0"
    },
    "ark": {
      "locked_version": "0.3.2"
    }
  }
}
